// !$*UTF8*$!
{
	archiveVersion = 1;
	classes = {
	};
	objectVersion = 51;
	objects = {

/* Begin PBXBuildFile section */
		8D10CAA401E4365197C31C40 /* Pods_RandomQuote.framework in Frameworks */ = {isa = PBXBuildFile; fileRef = F19568D2062DB9D54B1E4385 /* Pods_RandomQuote.framework */; };
		E564A3A524A622C800A0F61F /* AppDelegate.swift in Sources */ = {isa = PBXBuildFile; fileRef = E564A3A424A622C800A0F61F /* AppDelegate.swift */; };
		E564A3A724A622C800A0F61F /* SceneDelegate.swift in Sources */ = {isa = PBXBuildFile; fileRef = E564A3A624A622C800A0F61F /* SceneDelegate.swift */; };
		E564A3A924A622C800A0F61F /* RandomQuoteVC.swift in Sources */ = {isa = PBXBuildFile; fileRef = E564A3A824A622C800A0F61F /* RandomQuoteVC.swift */; };
		E564A3AC24A622C800A0F61F /* Main.storyboard in Resources */ = {isa = PBXBuildFile; fileRef = E564A3AA24A622C800A0F61F /* Main.storyboard */; };
		E564A3AF24A622C800A0F61F /* RandomQuote.xcdatamodeld in Sources */ = {isa = PBXBuildFile; fileRef = E564A3AD24A622C800A0F61F /* RandomQuote.xcdatamodeld */; };
		E564A3B124A622CC00A0F61F /* Assets.xcassets in Resources */ = {isa = PBXBuildFile; fileRef = E564A3B024A622CC00A0F61F /* Assets.xcassets */; };
		E564A3B424A622CC00A0F61F /* LaunchScreen.storyboard in Resources */ = {isa = PBXBuildFile; fileRef = E564A3B224A622CC00A0F61F /* LaunchScreen.storyboard */; };
		E564A3C124A624AE00A0F61F /* API.swift in Sources */ = {isa = PBXBuildFile; fileRef = E564A3C024A624AE00A0F61F /* API.swift */; };
		E564A3C524A62A5900A0F61F /* RandomQuote+model.swift in Sources */ = {isa = PBXBuildFile; fileRef = E564A3C424A62A5900A0F61F /* RandomQuote+model.swift */; };
		E564A3C724A6306D00A0F61F /* Progress.swift in Sources */ = {isa = PBXBuildFile; fileRef = E564A3C624A6306D00A0F61F /* Progress.swift */; };
		E564A3C924A6399B00A0F61F /* URLs.swift in Sources */ = {isa = PBXBuildFile; fileRef = E564A3C824A6399B00A0F61F /* URLs.swift */; };
		E564A3CB24A6403800A0F61F /* FavoriteQuotesVC.swift in Sources */ = {isa = PBXBuildFile; fileRef = E564A3CA24A6403800A0F61F /* FavoriteQuotesVC.swift */; };
/* End PBXBuildFile section */

/* Begin PBXFileReference section */
		CF27B698A43C7583147E522F /* Pods-RandomQuote.release.xcconfig */ = {isa = PBXFileReference; includeInIndex = 1; lastKnownFileType = text.xcconfig; name = "Pods-RandomQuote.release.xcconfig"; path = "Target Support Files/Pods-RandomQuote/Pods-RandomQuote.release.xcconfig"; sourceTree = "<group>"; };
		E1680180C178BB320698CFE0 /* Pods-RandomQuote.debug.xcconfig */ = {isa = PBXFileReference; includeInIndex = 1; lastKnownFileType = text.xcconfig; name = "Pods-RandomQuote.debug.xcconfig"; path = "Target Support Files/Pods-RandomQuote/Pods-RandomQuote.debug.xcconfig"; sourceTree = "<group>"; };
		E564A3A124A622C800A0F61F /* Random Quote.app */ = {isa = PBXFileReference; explicitFileType = wrapper.application; includeInIndex = 0; path = "Random Quote.app"; sourceTree = BUILT_PRODUCTS_DIR; };
		E564A3A424A622C800A0F61F /* AppDelegate.swift */ = {isa = PBXFileReference; lastKnownFileType = sourcecode.swift; path = AppDelegate.swift; sourceTree = "<group>"; };
		E564A3A624A622C800A0F61F /* SceneDelegate.swift */ = {isa = PBXFileReference; lastKnownFileType = sourcecode.swift; path = SceneDelegate.swift; sourceTree = "<group>"; };
		E564A3A824A622C800A0F61F /* RandomQuoteVC.swift */ = {isa = PBXFileReference; lastKnownFileType = sourcecode.swift; path = RandomQuoteVC.swift; sourceTree = "<group>"; };
		E564A3AB24A622C800A0F61F /* Base */ = {isa = PBXFileReference; lastKnownFileType = file.storyboard; name = Base; path = Base.lproj/Main.storyboard; sourceTree = "<group>"; };
		E564A3AE24A622C800A0F61F /* RandomQuote.xcdatamodel */ = {isa = PBXFileReference; lastKnownFileType = wrapper.xcdatamodel; path = RandomQuote.xcdatamodel; sourceTree = "<group>"; };
		E564A3B024A622CC00A0F61F /* Assets.xcassets */ = {isa = PBXFileReference; lastKnownFileType = folder.assetcatalog; path = Assets.xcassets; sourceTree = "<group>"; };
		E564A3B324A622CC00A0F61F /* Base */ = {isa = PBXFileReference; lastKnownFileType = file.storyboard; name = Base; path = Base.lproj/LaunchScreen.storyboard; sourceTree = "<group>"; };
		E564A3B524A622CC00A0F61F /* Info.plist */ = {isa = PBXFileReference; lastKnownFileType = text.plist.xml; path = Info.plist; sourceTree = "<group>"; };
		E564A3C024A624AE00A0F61F /* API.swift */ = {isa = PBXFileReference; lastKnownFileType = sourcecode.swift; path = API.swift; sourceTree = "<group>"; };
		E564A3C424A62A5900A0F61F /* RandomQuote+model.swift */ = {isa = PBXFileReference; lastKnownFileType = sourcecode.swift; path = "RandomQuote+model.swift"; sourceTree = "<group>"; };
		E564A3C624A6306D00A0F61F /* Progress.swift */ = {isa = PBXFileReference; lastKnownFileType = sourcecode.swift; path = Progress.swift; sourceTree = "<group>"; };
		E564A3C824A6399B00A0F61F /* URLs.swift */ = {isa = PBXFileReference; lastKnownFileType = sourcecode.swift; path = URLs.swift; sourceTree = "<group>"; };
		E564A3CA24A6403800A0F61F /* FavoriteQuotesVC.swift */ = {isa = PBXFileReference; lastKnownFileType = sourcecode.swift; path = FavoriteQuotesVC.swift; sourceTree = "<group>"; };
		E564A3CC24A6596900A0F61F /* README.md */ = {isa = PBXFileReference; lastKnownFileType = net.daringfireball.markdown; path = README.md; sourceTree = "<group>"; };
		F19568D2062DB9D54B1E4385 /* Pods_RandomQuote.framework */ = {isa = PBXFileReference; explicitFileType = wrapper.framework; includeInIndex = 0; path = Pods_RandomQuote.framework; sourceTree = BUILT_PRODUCTS_DIR; };
/* End PBXFileReference section */

/* Begin PBXFrameworksBuildPhase section */
		E564A39E24A622C800A0F61F /* Frameworks */ = {
			isa = PBXFrameworksBuildPhase;
			buildActionMask = 2147483647;
			files = (
				8D10CAA401E4365197C31C40 /* Pods_RandomQuote.framework in Frameworks */,
			);
			runOnlyForDeploymentPostprocessing = 0;
		};
/* End PBXFrameworksBuildPhase section */

/* Begin PBXGroup section */
		E0860908BE3439CB0A17C14C /* Pods */ = {
			isa = PBXGroup;
			children = (
				E1680180C178BB320698CFE0 /* Pods-RandomQuote.debug.xcconfig */,
				CF27B698A43C7583147E522F /* Pods-RandomQuote.release.xcconfig */,
			);
			path = Pods;
			sourceTree = "<group>";
		};
		E564A39824A622C700A0F61F = {
			isa = PBXGroup;
			children = (
				E564A3A324A622C800A0F61F /* RandomQuote */,
				E564A3A224A622C800A0F61F /* Products */,
				E0860908BE3439CB0A17C14C /* Pods */,
				EFE85CE821DD462A53EB56E9 /* Frameworks */,
			);
			sourceTree = "<group>";
		};
		E564A3A224A622C800A0F61F /* Products */ = {
			isa = PBXGroup;
			children = (
				E564A3A124A622C800A0F61F /* Random Quote.app */,
			);
			name = Products;
			sourceTree = "<group>";
		};
		E564A3A324A622C800A0F61F /* RandomQuote */ = {
			isa = PBXGroup;
			children = (
				E564A3C324A62A0300A0F61F /* View */,
				E564A3C224A629F500A0F61F /* Model */,
				E564A3BD24A6237F00A0F61F /* Controllers */,
				E564A3BB24A6235A00A0F61F /* Support */,
				E564A3A424A622C800A0F61F /* AppDelegate.swift */,
				E564A3A624A622C800A0F61F /* SceneDelegate.swift */,
				E564A3B024A622CC00A0F61F /* Assets.xcassets */,
				E564A3B524A622CC00A0F61F /* Info.plist */,
				E564A3AD24A622C800A0F61F /* RandomQuote.xcdatamodeld */,
				E564A3CC24A6596900A0F61F /* README.md */,
			);
			path = RandomQuote;
			sourceTree = "<group>";
		};
		E564A3BB24A6235A00A0F61F /* Support */ = {
			isa = PBXGroup;
			children = (
				E564A3C024A624AE00A0F61F /* API.swift */,
				E564A3C824A6399B00A0F61F /* URLs.swift */,
				E564A3C624A6306D00A0F61F /* Progress.swift */,
			);
			path = Support;
			sourceTree = "<group>";
		};
		E564A3BD24A6237F00A0F61F /* Controllers */ = {
			isa = PBXGroup;
			children = (
				E564A3A824A622C800A0F61F /* RandomQuoteVC.swift */,
				E564A3CA24A6403800A0F61F /* FavoriteQuotesVC.swift */,
			);
			path = Controllers;
			sourceTree = "<group>";
		};
		E564A3C224A629F500A0F61F /* Model */ = {
			isa = PBXGroup;
			children = (
				E564A3C424A62A5900A0F61F /* RandomQuote+model.swift */,
			);
			path = Model;
			sourceTree = "<group>";
		};
		E564A3C324A62A0300A0F61F /* View */ = {
			isa = PBXGroup;
			children = (
				E564A3AA24A622C800A0F61F /* Main.storyboard */,
				E564A3B224A622CC00A0F61F /* LaunchScreen.storyboard */,
			);
			path = View;
			sourceTree = "<group>";
		};
		EFE85CE821DD462A53EB56E9 /* Frameworks */ = {
			isa = PBXGroup;
			children = (
				F19568D2062DB9D54B1E4385 /* Pods_RandomQuote.framework */,
			);
			name = Frameworks;
			sourceTree = "<group>";
		};
/* End PBXGroup section */

/* Begin PBXNativeTarget section */
		E564A3A024A622C800A0F61F /* RandomQuote */ = {
			isa = PBXNativeTarget;
			buildConfigurationList = E564A3B824A622CC00A0F61F /* Build configuration list for PBXNativeTarget "RandomQuote" */;
			buildPhases = (
				B1740456B1D6812F72BBA0EC /* [CP] Check Pods Manifest.lock */,
				E564A39D24A622C800A0F61F /* Sources */,
				E564A39E24A622C800A0F61F /* Frameworks */,
				E564A39F24A622C800A0F61F /* Resources */,
				65E242F5423D695D86278548 /* [CP] Embed Pods Frameworks */,
			);
			buildRules = (
			);
			dependencies = (
			);
			name = RandomQuote;
			productName = RandomQuote;
			productReference = E564A3A124A622C800A0F61F /* Random Quote.app */;
			productType = "com.apple.product-type.application";
		};
/* End PBXNativeTarget section */

/* Begin PBXProject section */
		E564A39924A622C800A0F61F /* Project object */ = {
			isa = PBXProject;
			attributes = {
				LastSwiftUpdateCheck = 1150;
				LastUpgradeCheck = 1150;
				ORGANIZATIONNAME = "fadel sultan";
				TargetAttributes = {
					E564A3A024A622C800A0F61F = {
						CreatedOnToolsVersion = 11.5;
					};
				};
			};
			buildConfigurationList = E564A39C24A622C800A0F61F /* Build configuration list for PBXProject "RandomQuote" */;
			compatibilityVersion = "Xcode 9.3";
			developmentRegion = en;
			hasScannedForEncodings = 0;
			knownRegions = (
				en,
				Base,
			);
			mainGroup = E564A39824A622C700A0F61F;
			productRefGroup = E564A3A224A622C800A0F61F /* Products */;
			projectDirPath = "";
			projectRoot = "";
			targets = (
				E564A3A024A622C800A0F61F /* RandomQuote */,
			);
		};
/* End PBXProject section */

/* Begin PBXResourcesBuildPhase section */
		E564A39F24A622C800A0F61F /* Resources */ = {
			isa = PBXResourcesBuildPhase;
			buildActionMask = 2147483647;
			files = (
				E564A3B424A622CC00A0F61F /* LaunchScreen.storyboard in Resources */,
				E564A3B124A622CC00A0F61F /* Assets.xcassets in Resources */,
				E564A3AC24A622C800A0F61F /* Main.storyboard in Resources */,
			);
			runOnlyForDeploymentPostprocessing = 0;
		};
/* End PBXResourcesBuildPhase section */

/* Begin PBXShellScriptBuildPhase section */
		65E242F5423D695D86278548 /* [CP] Embed Pods Frameworks */ = {
			isa = PBXShellScriptBuildPhase;
			buildActionMask = 2147483647;
			files = (
			);
			inputFileListPaths = (
				"${PODS_ROOT}/Target Support Files/Pods-RandomQuote/Pods-RandomQuote-frameworks-${CONFIGURATION}-input-files.xcfilelist",
			);
			name = "[CP] Embed Pods Frameworks";
			outputFileListPaths = (
				"${PODS_ROOT}/Target Support Files/Pods-RandomQuote/Pods-RandomQuote-frameworks-${CONFIGURATION}-output-files.xcfilelist",
			);
			runOnlyForDeploymentPostprocessing = 0;
			shellPath = /bin/sh;
			shellScript = "\"${PODS_ROOT}/Target Support Files/Pods-RandomQuote/Pods-RandomQuote-frameworks.sh\"\n";
			showEnvVarsInLog = 0;
		};
		B1740456B1D6812F72BBA0EC /* [CP] Check Pods Manifest.lock */ = {
			isa = PBXShellScriptBuildPhase;
			buildActionMask = 2147483647;
			files = (
			);
			inputFileListPaths = (
			);
			inputPaths = (
				"${PODS_PODFILE_DIR_PATH}/Podfile.lock",
				"${PODS_ROOT}/Manifest.lock",
			);
			name = "[CP] Check Pods Manifest.lock";
			outputFileListPaths = (
			);
			outputPaths = (
				"$(DERIVED_FILE_DIR)/Pods-RandomQuote-checkManifestLockResult.txt",
			);
			runOnlyForDeploymentPostprocessing = 0;
			shellPath = /bin/sh;
			shellScript = "diff \"${PODS_PODFILE_DIR_PATH}/Podfile.lock\" \"${PODS_ROOT}/Manifest.lock\" > /dev/null\nif [ $? != 0 ] ; then\n    # print error to STDERR\n    echo \"error: The sandbox is not in sync with the Podfile.lock. Run 'pod install' or update your CocoaPods installation.\" >&2\n    exit 1\nfi\n# This output is used by Xcode 'outputs' to avoid re-running this script phase.\necho \"SUCCESS\" > \"${SCRIPT_OUTPUT_FILE_0}\"\n";
			showEnvVarsInLog = 0;
		};
/* End PBXShellScriptBuildPhase section */

/* Begin PBXSourcesBuildPhase section */
		E564A39D24A622C800A0F61F /* Sources */ = {
			isa = PBXSourcesBuildPhase;
			buildActionMask = 2147483647;
			files = (
				E564A3A924A622C800A0F61F /* RandomQuoteVC.swift in Sources */,
				E564A3A524A622C800A0F61F /* AppDelegate.swift in Sources */,
				E564A3CB24A6403800A0F61F /* FavoriteQuotesVC.swift in Sources */,
				E564A3A724A622C800A0F61F /* SceneDelegate.swift in Sources */,
				E564A3C924A6399B00A0F61F /* URLs.swift in Sources */,
				E564A3C724A6306D00A0F61F /* Progress.swift in Sources */,
				E564A3AF24A622C800A0F61F /* RandomQuote.xcdatamodeld in Sources */,
				E564A3C124A624AE00A0F61F /* API.swift in Sources */,
				E564A3C524A62A5900A0F61F /* RandomQuote+model.swift in Sources */,
			);
			runOnlyForDeploymentPostprocessing = 0;
		};
/* End PBXSourcesBuildPhase section */

/* Begin PBXVariantGroup section */
		E564A3AA24A622C800A0F61F /* Main.storyboard */ = {
			isa = PBXVariantGroup;
			children = (
				E564A3AB24A622C800A0F61F /* Base */,
			);
			name = Main.storyboard;
			sourceTree = "<group>";
		};
		E564A3B224A622CC00A0F61F /* LaunchScreen.storyboard */ = {
			isa = PBXVariantGroup;
			children = (
				E564A3B324A622CC00A0F61F /* Base */,
			);
			name = LaunchScreen.storyboard;
			sourceTree = "<group>";
		};
/* End PBXVariantGroup section */

/* Begin XCBuildConfiguration section */
		E564A3B624A622CC00A0F61F /* Debug */ = {
			isa = XCBuildConfiguration;
			buildSettings = {
				ALWAYS_SEARCH_USER_PATHS = NO;
				CLANG_ANALYZER_NONNULL = YES;
				CLANG_ANALYZER_NUMBER_OBJECT_CONVERSION = YES_AGGRESSIVE;
				CLANG_CXX_LANGUAGE_STANDARD = "gnu++14";
				CLANG_CXX_LIBRARY = "libc++";
				CLANG_ENABLE_MODULES = YES;
				CLANG_ENABLE_OBJC_ARC = YES;
				CLANG_ENABLE_OBJC_WEAK = YES;
				CLANG_WARN_BLOCK_CAPTURE_AUTORELEASING = YES;
				CLANG_WARN_BOOL_CONVERSION = YES;
				CLANG_WARN_COMMA = YES;
				CLANG_WARN_CONSTANT_CONVERSION = YES;
				CLANG_WARN_DEPRECATED_OBJC_IMPLEMENTATIONS = YES;
				CLANG_WARN_DIRECT_OBJC_ISA_USAGE = YES_ERROR;
				CLANG_WARN_DOCUMENTATION_COMMENTS = YES;
				CLANG_WARN_EMPTY_BODY = YES;
				CLANG_WARN_ENUM_CONVERSION = YES;
				CLANG_WARN_INFINITE_RECURSION = YES;
				CLANG_WARN_INT_CONVERSION = YES;
				CLANG_WARN_NON_LITERAL_NULL_CONVERSION = YES;
				CLANG_WARN_OBJC_IMPLICIT_RETAIN_SELF = YES;
				CLANG_WARN_OBJC_LITERAL_CONVERSION = YES;
				CLANG_WARN_OBJC_ROOT_CLASS = YES_ERROR;
				CLANG_WARN_RANGE_LOOP_ANALYSIS = YES;
				CLANG_WARN_STRICT_PROTOTYPES = YES;
				CLANG_WARN_SUSPICIOUS_MOVE = YES;
				CLANG_WARN_UNGUARDED_AVAILABILITY = YES_AGGRESSIVE;
				CLANG_WARN_UNREACHABLE_CODE = YES;
				CLANG_WARN__DUPLICATE_METHOD_MATCH = YES;
				COPY_PHASE_STRIP = NO;
				DEBUG_INFORMATION_FORMAT = dwarf;
				ENABLE_STRICT_OBJC_MSGSEND = YES;
				ENABLE_TESTABILITY = YES;
				GCC_C_LANGUAGE_STANDARD = gnu11;
				GCC_DYNAMIC_NO_PIC = NO;
				GCC_NO_COMMON_BLOCKS = YES;
				GCC_OPTIMIZATION_LEVEL = 0;
				GCC_PREPROCESSOR_DEFINITIONS = (
					"DEBUG=1",
					"$(inherited)",
				);
				GCC_WARN_64_TO_32_BIT_CONVERSION = YES;
				GCC_WARN_ABOUT_RETURN_TYPE = YES_ERROR;
				GCC_WARN_UNDECLARED_SELECTOR = YES;
				GCC_WARN_UNINITIALIZED_AUTOS = YES_AGGRESSIVE;
				GCC_WARN_UNUSED_FUNCTION = YES;
				GCC_WARN_UNUSED_VARIABLE = YES;
				IPHONEOS_DEPLOYMENT_TARGET = 13.5;
				MTL_ENABLE_DEBUG_INFO = INCLUDE_SOURCE;
				MTL_FAST_MATH = YES;
				ONLY_ACTIVE_ARCH = YES;
				SDKROOT = iphoneos;
				SWIFT_ACTIVE_COMPILATION_CONDITIONS = DEBUG;
				SWIFT_OPTIMIZATION_LEVEL = "-Onone";
			};
			name = Debug;
		};
		E564A3B724A622CC00A0F61F /* Release */ = {
			isa = XCBuildConfiguration;
			buildSettings = {
				ALWAYS_SEARCH_USER_PATHS = NO;
				CLANG_ANALYZER_NONNULL = YES;
				CLANG_ANALYZER_NUMBER_OBJECT_CONVERSION = YES_AGGRESSIVE;
				CLANG_CXX_LANGUAGE_STANDARD = "gnu++14";
				CLANG_CXX_LIBRARY = "libc++";
				CLANG_ENABLE_MODULES = YES;
				CLANG_ENABLE_OBJC_ARC = YES;
				CLANG_ENABLE_OBJC_WEAK = YES;
				CLANG_WARN_BLOCK_CAPTURE_AUTORELEASING = YES;
				CLANG_WARN_BOOL_CONVERSION = YES;
				CLANG_WARN_COMMA = YES;
				CLANG_WARN_CONSTANT_CONVERSION = YES;
				CLANG_WARN_DEPRECATED_OBJC_IMPLEMENTATIONS = YES;
				CLANG_WARN_DIRECT_OBJC_ISA_USAGE = YES_ERROR;
				CLANG_WARN_DOCUMENTATION_COMMENTS = YES;
				CLANG_WARN_EMPTY_BODY = YES;
				CLANG_WARN_ENUM_CONVERSION = YES;
				CLANG_WARN_INFINITE_RECURSION = YES;
				CLANG_WARN_INT_CONVERSION = YES;
				CLANG_WARN_NON_LITERAL_NULL_CONVERSION = YES;
				CLANG_WARN_OBJC_IMPLICIT_RETAIN_SELF = YES;
				CLANG_WARN_OBJC_LITERAL_CONVERSION = YES;
				CLANG_WARN_OBJC_ROOT_CLASS = YES_ERROR;
				CLANG_WARN_RANGE_LOOP_ANALYSIS = YES;
				CLANG_WARN_STRICT_PROTOTYPES = YES;
				CLANG_WARN_SUSPICIOUS_MOVE = YES;
				CLANG_WARN_UNGUARDED_AVAILABILITY = YES_AGGRESSIVE;
				CLANG_WARN_UNREACHABLE_CODE = YES;
				CLANG_WARN__DUPLICATE_METHOD_MATCH = YES;
				COPY_PHASE_STRIP = NO;
				DEBUG_INFORMATION_FORMAT = "dwarf-with-dsym";
				ENABLE_NS_ASSERTIONS = NO;
				ENABLE_STRICT_OBJC_MSGSEND = YES;
				GCC_C_LANGUAGE_STANDARD = gnu11;
				GCC_NO_COMMON_BLOCKS = YES;
				GCC_WARN_64_TO_32_BIT_CONVERSION = YES;
				GCC_WARN_ABOUT_RETURN_TYPE = YES_ERROR;
				GCC_WARN_UNDECLARED_SELECTOR = YES;
				GCC_WARN_UNINITIALIZED_AUTOS = YES_AGGRESSIVE;
				GCC_WARN_UNUSED_FUNCTION = YES;
				GCC_WARN_UNUSED_VARIABLE = YES;
				IPHONEOS_DEPLOYMENT_TARGET = 13.5;
				MTL_ENABLE_DEBUG_INFO = NO;
				MTL_FAST_MATH = YES;
				SDKROOT = iphoneos;
				SWIFT_COMPILATION_MODE = wholemodule;
				SWIFT_OPTIMIZATION_LEVEL = "-O";
				VALIDATE_PRODUCT = YES;
			};
			name = Release;
		};
		E564A3B924A622CC00A0F61F /* Debug */ = {
			isa = XCBuildConfiguration;
			baseConfigurationReference = E1680180C178BB320698CFE0 /* Pods-RandomQuote.debug.xcconfig */;
			buildSettings = {
				ASSETCATALOG_COMPILER_APPICON_NAME = AppIcon;
				CODE_SIGN_STYLE = Automatic;
				DEVELOPMENT_TEAM = QR583T767F;
				INFOPLIST_FILE = RandomQuote/Info.plist;
				IPHONEOS_DEPLOYMENT_TARGET = 11.0;
				LD_RUNPATH_SEARCH_PATHS = (
					"$(inherited)",
					"@executable_path/Frameworks",
				);
				PRODUCT_BUNDLE_IDENTIFIER = com.fadelsultan.RandomQuote;
				PRODUCT_NAME = "Random Quote";
				SWIFT_VERSION = 5.0;
				TARGETED_DEVICE_FAMILY = "1,2";
			};
			name = Debug;
		};
		E564A3BA24A622CC00A0F61F /* Release */ = {
			isa = XCBuildConfiguration;
			baseConfigurationReference = CF27B698A43C7583147E522F /* Pods-RandomQuote.release.xcconfig */;
			buildSettings = {
				ASSETCATALOG_COMPILER_APPICON_NAME = AppIcon;
				CODE_SIGN_STYLE = Automatic;
				DEVELOPMENT_TEAM = QR583T767F;
				INFOPLIST_FILE = RandomQuote/Info.plist;
				IPHONEOS_DEPLOYMENT_TARGET = 11.0;
				LD_RUNPATH_SEARCH_PATHS = (
					"$(inherited)",
					"@executable_path/Frameworks",
				);
				PRODUCT_BUNDLE_IDENTIFIER = com.fadelsultan.RandomQuote;
				PRODUCT_NAME = "Random Quote";
				SWIFT_VERSION = 5.0;
				TARGETED_DEVICE_FAMILY = "1,2";
			};
			name = Release;
		};
/* End XCBuildConfiguration section */

/* Begin XCConfigurationList section */
		E564A39C24A622C800A0F61F /* Build configuration list for PBXProject "RandomQuote" */ = {
			isa = XCConfigurationList;
			buildConfigurations = (
				E564A3B624A622CC00A0F61F /* Debug */,
				E564A3B724A622CC00A0F61F /* Release */,
			);
			defaultConfigurationIsVisible = 0;
			defaultConfigurationName = Release;
		};
		E564A3B824A622CC00A0F61F /* Build configuration list for PBXNativeTarget "RandomQuote" */ = {
			isa = XCConfigurationList;
			buildConfigurations = (
				E564A3B924A622CC00A0F61F /* Debug */,
				E564A3BA24A622CC00A0F61F /* Release */,
			);
			defaultConfigurationIsVisible = 0;
			defaultConfigurationName = Release;
		};
/* End XCConfigurationList section */

/* Begin XCVersionGroup section */
		E564A3AD24A622C800A0F61F /* RandomQuote.xcdatamodeld */ = {
			isa = XCVersionGroup;
			children = (
				E564A3AE24A622C800A0F61F /* RandomQuote.xcdatamodel */,
			);
			currentVersion = E564A3AE24A622C800A0F61F /* RandomQuote.xcdatamodel */;
			path = RandomQuote.xcdatamodeld;
			sourceTree = "<group>";
			versionGroupType = wrapper.xcdatamodel;
		};
/* End XCVersionGroup section */
	};
	rootObject = E564A39924A622C800A0F61F /* Project object */;
}
